
Microsoft Visual Studio Solution File, Format Version 12.00
# Visual Studio 15
VisualStudioVersion = 15.0.28307.136
MinimumVisualStudioVersion = 10.0.40219.1
Project("{FAE04EC0-301F-11D3-BF4B-00C04F79EFBC}") = "WpfUi", "WpfUi\WpfUi.csproj", "{15249943-0D1D-4FEA-84B2-13377C078B66}"
EndProject
Global
	GlobalSection(SolutionConfigurationPlatforms) = preSolution
		Debug|Any CPU = Debug|Any CPU
		Release|Any CPU = Release|Any CPU
	EndGlobalSection
	GlobalSection(ProjectConfigurationPlatforms) = postSolution
		{15249943-0D1D-4FEA-84B2-13377C078B66}.Debug|Any CPU.ActiveCfg = Debug|Any CPU
		{15249943-0D1D-4FEA-84B2-13377C078B66}.Debug|Any CPU.Build.0 = Debug|Any CPU
		{15249943-0D1D-4FEA-84B2-13377C078B66}.Release|Any CPU.ActiveCfg = Release|Any CPU
		{15249943-0D1D-4FEA-84B2-13377C078B66}.Release|Any CPU.Build.0 = Release|Any CPU
	EndGlobalSection
	GlobalSection(SolutionProperties) = preSolution
		HideSolutionNode = FALSE
	EndGlobalSection
	GlobalSection(ExtensibilityGlobals) = postSolution
		SolutionGuid = {02E07AA4-5A87-4E88-B811-9CDE5B04FC81}
	EndGlobalSection
EndGlobal
